{
  "requires": true,
  "lockfileVersion": 1,
  "dependencies": {
    "@wartoshika/wow-declarations": {
      "version": "8.3.0-release.1",
      "resolved": "https://registry.npmjs.org/@wartoshika/wow-declarations/-/wow-declarations-8.3.0-release.1.tgz",
      "integrity": "sha512-0N61nkrWaJLJMIgrMgHhZPAEU9Z7ZJfMfOWOYiXWa+NXyZkPAdNbFGydgFF5kEfyx8sKGQl2yYEAcOgHDrtnXw=="
    },
    "path-parse": {
      "version": "1.0.6",
      "resolved": "https://registry.npmjs.org/path-parse/-/path-parse-1.0.6.tgz",
      "integrity": "sha512-GSmOT2EbHrINBf9SR7CDELwlJ8AENk3Qn7OikK4nFYAu3Ote2+JYNVvkpAEQm3/TLNEJFD/xZJjzyxg3KBWOzw=="
    },
    "resolve": {
      "version": "1.16.1",
      "resolved": "https://registry.npmjs.org/resolve/-/resolve-1.16.1.tgz",
      "integrity": "sha512-rmAglCSqWWMrrBv/XM6sW0NuRFiKViw/W4d9EbC4pt+49H8JwHy+mcGmALTEg504AUDcLTvb1T2q3E9AnmY+ig==",
      "requires": {
        "path-parse": "^1.0.6"
      }
    },
    "source-map": {
      "version": "0.7.3",
      "resolved": "https://registry.npmjs.org/source-map/-/source-map-0.7.3.tgz",
      "integrity": "sha512-CkCj6giN3S+n9qrYiBTX5gystlENnRW5jZeNLHpe6aue+SrHcG5VYwujhW9s4dY31mEGsxBDrHR6oI69fTXsaQ=="
    },
    "typescript": {
      "version": "3.8.3",
      "resolved": "https://registry.npmjs.org/typescript/-/typescript-3.8.3.tgz",
      "integrity": "sha512-MYlEfn5VrLNsgudQTVJeNaQFUAI7DkhnOjdpAp4T+ku1TfQClewlbSuTVHiA+8skNBgaf02TL/kLOvig4y3G8w=="
    },
    "typescript-to-lua": {
      "version": "0.32.2",
      "resolved": "https://registry.npmjs.org/typescript-to-lua/-/typescript-to-lua-0.32.2.tgz",
      "integrity": "sha512-X50SJ5HXUH6qqRF0EJ1UKDMgM8E36JOyf/1XDXXm1m5YWlDS9s4NDpkAB/jtbt6OwEExFzQE5HDikkKyBFQnAw==",
      "requires": {
        "resolve": "^1.15.1",
        "source-map": "^0.7.3",
        "typescript": "^3.8.3"
      }
    }
  }
}
